
Microsoft Visual Studio Solution File, Format Version 12.00
# Visual Studio Version 17
VisualStudioVersion = 17.0.31903.59
MinimumVisualStudioVersion = 10.0.40219.1
Project("{2150E333-8FDC-42A3-9474-1A3956D46DE8}") = "src", "src", "{827E0CD3-B72D-47B6-A68D-7590B98EB39B}"
EndProject
Project("{FAE04EC0-301F-11D3-BF4B-00C04F79EFBC}") = "LigasPiero.Domain", "src\LigasPiero.Domain\LigasPiero.Domain.csproj", "{C641C4D6-19E6-407F-8B81-833D6CDFC878}"
EndProject
Project("{FAE04EC0-301F-11D3-BF4B-00C04F79EFBC}") = "LigasPiero.Application", "src\LigasPiero.Application\LigasPiero.Application.csproj", "{04CBF187-4064-4345-B32D-A74351CF26A4}"
EndProject
Project("{FAE04EC0-301F-11D3-BF4B-00C04F79EFBC}") = "LigasPiero.Infrastructure", "src\LigasPiero.Infrastructure\LigasPiero.Infrastructure.csproj", "{0C275926-727D-48BE-B1B0-1DE4954B6EAB}"
EndProject
Project("{FAE04EC0-301F-11D3-BF4B-00C04F79EFBC}") = "LigasPiero.Maui", "src\LigasPiero.Maui\LigasPiero.Maui.csproj", "{85462E15-A327-4570-96D6-7158D4E5B36E}"
EndProject
Global
	GlobalSection(SolutionConfigurationPlatforms) = preSolution
		Debug|Any CPU = Debug|Any CPU
		Debug|x64 = Debug|x64
		Debug|x86 = Debug|x86
		Release|Any CPU = Release|Any CPU
		Release|x64 = Release|x64
		Release|x86 = Release|x86
	EndGlobalSection
	GlobalSection(ProjectConfigurationPlatforms) = postSolution
		{C641C4D6-19E6-407F-8B81-833D6CDFC878}.Debug|Any CPU.ActiveCfg = Debug|Any CPU
		{C641C4D6-19E6-407F-8B81-833D6CDFC878}.Debug|Any CPU.Build.0 = Debug|Any CPU
		{C641C4D6-19E6-407F-8B81-833D6CDFC878}.Debug|x64.ActiveCfg = Debug|Any CPU
		{C641C4D6-19E6-407F-8B81-833D6CDFC878}.Debug|x64.Build.0 = Debug|Any CPU
		{C641C4D6-19E6-407F-8B81-833D6CDFC878}.Debug|x86.ActiveCfg = Debug|Any CPU
		{C641C4D6-19E6-407F-8B81-833D6CDFC878}.Debug|x86.Build.0 = Debug|Any CPU
		{C641C4D6-19E6-407F-8B81-833D6CDFC878}.Release|Any CPU.ActiveCfg = Release|Any CPU
		{C641C4D6-19E6-407F-8B81-833D6CDFC878}.Release|Any CPU.Build.0 = Release|Any CPU
		{C641C4D6-19E6-407F-8B81-833D6CDFC878}.Release|x64.ActiveCfg = Release|Any CPU
		{C641C4D6-19E6-407F-8B81-833D6CDFC878}.Release|x64.Build.0 = Release|Any CPU
		{C641C4D6-19E6-407F-8B81-833D6CDFC878}.Release|x86.ActiveCfg = Release|Any CPU
		{C641C4D6-19E6-407F-8B81-833D6CDFC878}.Release|x86.Build.0 = Release|Any CPU
		{04CBF187-4064-4345-B32D-A74351CF26A4}.Debug|Any CPU.ActiveCfg = Debug|Any CPU
		{04CBF187-4064-4345-B32D-A74351CF26A4}.Debug|Any CPU.Build.0 = Debug|Any CPU
		{04CBF187-4064-4345-B32D-A74351CF26A4}.Debug|x64.ActiveCfg = Debug|Any CPU
		{04CBF187-4064-4345-B32D-A74351CF26A4}.Debug|x64.Build.0 = Debug|Any CPU
		{04CBF187-4064-4345-B32D-A74351CF26A4}.Debug|x86.ActiveCfg = Debug|Any CPU
		{04CBF187-4064-4345-B32D-A74351CF26A4}.Debug|x86.Build.0 = Debug|Any CPU
		{04CBF187-4064-4345-B32D-A74351CF26A4}.Release|Any CPU.ActiveCfg = Release|Any CPU
		{04CBF187-4064-4345-B32D-A74351CF26A4}.Release|Any CPU.Build.0 = Release|Any CPU
		{04CBF187-4064-4345-B32D-A74351CF26A4}.Release|x64.ActiveCfg = Release|Any CPU
		{04CBF187-4064-4345-B32D-A74351CF26A4}.Release|x64.Build.0 = Release|Any CPU
		{04CBF187-4064-4345-B32D-A74351CF26A4}.Release|x86.ActiveCfg = Release|Any CPU
		{04CBF187-4064-4345-B32D-A74351CF26A4}.Release|x86.Build.0 = Release|Any CPU
		{0C275926-727D-48BE-B1B0-1DE4954B6EAB}.Debug|Any CPU.ActiveCfg = Debug|Any CPU
		{0C275926-727D-48BE-B1B0-1DE4954B6EAB}.Debug|Any CPU.Build.0 = Debug|Any CPU
		{0C275926-727D-48BE-B1B0-1DE4954B6EAB}.Debug|x64.ActiveCfg = Debug|Any CPU
		{0C275926-727D-48BE-B1B0-1DE4954B6EAB}.Debug|x64.Build.0 = Debug|Any CPU
		{0C275926-727D-48BE-B1B0-1DE4954B6EAB}.Debug|x86.ActiveCfg = Debug|Any CPU
		{0C275926-727D-48BE-B1B0-1DE4954B6EAB}.Debug|x86.Build.0 = Debug|Any CPU
		{0C275926-727D-48BE-B1B0-1DE4954B6EAB}.Release|Any CPU.ActiveCfg = Release|Any CPU
		{0C275926-727D-48BE-B1B0-1DE4954B6EAB}.Release|Any CPU.Build.0 = Release|Any CPU
		{0C275926-727D-48BE-B1B0-1DE4954B6EAB}.Release|x64.ActiveCfg = Release|Any CPU
		{0C275926-727D-48BE-B1B0-1DE4954B6EAB}.Release|x64.Build.0 = Release|Any CPU
		{0C275926-727D-48BE-B1B0-1DE4954B6EAB}.Release|x86.ActiveCfg = Release|Any CPU
		{0C275926-727D-48BE-B1B0-1DE4954B6EAB}.Release|x86.Build.0 = Release|Any CPU
		{85462E15-A327-4570-96D6-7158D4E5B36E}.Debug|Any CPU.ActiveCfg = Debug|Any CPU
		{85462E15-A327-4570-96D6-7158D4E5B36E}.Debug|Any CPU.Build.0 = Debug|Any CPU
		{85462E15-A327-4570-96D6-7158D4E5B36E}.Debug|x64.ActiveCfg = Debug|Any CPU
		{85462E15-A327-4570-96D6-7158D4E5B36E}.Debug|x64.Build.0 = Debug|Any CPU
		{85462E15-A327-4570-96D6-7158D4E5B36E}.Debug|x86.ActiveCfg = Debug|Any CPU
		{85462E15-A327-4570-96D6-7158D4E5B36E}.Debug|x86.Build.0 = Debug|Any CPU
		{85462E15-A327-4570-96D6-7158D4E5B36E}.Release|Any CPU.ActiveCfg = Release|Any CPU
		{85462E15-A327-4570-96D6-7158D4E5B36E}.Release|Any CPU.Build.0 = Release|Any CPU
		{85462E15-A327-4570-96D6-7158D4E5B36E}.Release|x64.ActiveCfg = Release|Any CPU
		{85462E15-A327-4570-96D6-7158D4E5B36E}.Release|x64.Build.0 = Release|Any CPU
		{85462E15-A327-4570-96D6-7158D4E5B36E}.Release|x86.ActiveCfg = Release|Any CPU
		{85462E15-A327-4570-96D6-7158D4E5B36E}.Release|x86.Build.0 = Release|Any CPU
	EndGlobalSection
	GlobalSection(SolutionProperties) = preSolution
		HideSolutionNode = FALSE
	EndGlobalSection
	GlobalSection(NestedProjects) = preSolution
		{C641C4D6-19E6-407F-8B81-833D6CDFC878} = {827E0CD3-B72D-47B6-A68D-7590B98EB39B}
		{04CBF187-4064-4345-B32D-A74351CF26A4} = {827E0CD3-B72D-47B6-A68D-7590B98EB39B}
		{0C275926-727D-48BE-B1B0-1DE4954B6EAB} = {827E0CD3-B72D-47B6-A68D-7590B98EB39B}
		{85462E15-A327-4570-96D6-7158D4E5B36E} = {827E0CD3-B72D-47B6-A68D-7590B98EB39B}
	EndGlobalSection
EndGlobal
